
Microsoft Visual Studio Solution File, Format Version 12.00
# Visual Studio Version 17
VisualStudioVersion = 17.2.32630.192
MinimumVisualStudioVersion = 10.0.40219.1
Project("{FAE04EC0-301F-11D3-BF4B-00C04F79EFBC}") = "TrainingApp", "TrainingApp\TrainingApp.csproj", "{AD3F9D97-F283-42A9-BA81-D00341CA9944}"
EndProject
Global
	GlobalSection(SolutionConfigurationPlatforms) = preSolution
		Debug|Any CPU = Debug|Any CPU
		Release|Any CPU = Release|Any CPU
	EndGlobalSection
	GlobalSection(ProjectConfigurationPlatforms) = postSolution
		{AD3F9D97-F283-42A9-BA81-D00341CA9944}.Debug|Any CPU.ActiveCfg = Debug|Any CPU
		{AD3F9D97-F283-42A9-BA81-D00341CA9944}.Debug|Any CPU.Build.0 = Debug|Any CPU
		{AD3F9D97-F283-42A9-BA81-D00341CA9944}.Release|Any CPU.ActiveCfg = Release|Any CPU
		{AD3F9D97-F283-42A9-BA81-D00341CA9944}.Release|Any CPU.Build.0 = Release|Any CPU
	EndGlobalSection
	GlobalSection(SolutionProperties) = preSolution
		HideSolutionNode = FALSE
	EndGlobalSection
	GlobalSection(ExtensibilityGlobals) = postSolution
		SolutionGuid = {2D4245C0-6D5E-4477-B7EC-D652D8CADF4B}
	EndGlobalSection
EndGlobal
